
Microsoft Visual Studio Solution File, Format Version 12.00
# Visual Studio 15
VisualStudioVersion = 15.0.28307.421
MinimumVisualStudioVersion = 10.0.40219.1
Project("{FAE04EC0-301F-11D3-BF4B-00C04F79EFBC}") = "CheckListAPI", "CheckListAPI\CheckListAPI.csproj", "{C61CC96A-6B99-47C0-94EC-959CB7E22904}"
EndProject
Global
	GlobalSection(SolutionConfigurationPlatforms) = preSolution
		Debug|Any CPU = Debug|Any CPU
		Release|Any CPU = Release|Any CPU
	EndGlobalSection
	GlobalSection(ProjectConfigurationPlatforms) = postSolution
		{C61CC96A-6B99-47C0-94EC-959CB7E22904}.Debug|Any CPU.ActiveCfg = Debug|Any CPU
		{C61CC96A-6B99-47C0-94EC-959CB7E22904}.Debug|Any CPU.Build.0 = Debug|Any CPU
		{C61CC96A-6B99-47C0-94EC-959CB7E22904}.Release|Any CPU.ActiveCfg = Release|Any CPU
		{C61CC96A-6B99-47C0-94EC-959CB7E22904}.Release|Any CPU.Build.0 = Release|Any CPU
	EndGlobalSection
	GlobalSection(SolutionProperties) = preSolution
		HideSolutionNode = FALSE
	EndGlobalSection
	GlobalSection(ExtensibilityGlobals) = postSolution
		SolutionGuid = {33C45DB5-C326-4D27-AE1D-858390063645}
	EndGlobalSection
EndGlobal
